
Microsoft Visual Studio Solution File, Format Version 12.00
Project("{FAE04EC0-301F-11D3-BF4B-00C04F79EFBC}") = "TestApi", "TestApi\TestApi.csproj", "{7CD41107-738D-4F76-B4E1-99200C461012}"
EndProject
Project("{2150E333-8FDC-42A3-9474-1A3956D46DE8}") = "Solution Items", "Solution Items", "{D16EF0B2-05ED-4A48-9060-F42DE5156E81}"
	ProjectSection(SolutionItems) = preProject
		docker-compose.yml = docker-compose.yml
	EndProjectSection
EndProject
Global
	GlobalSection(SolutionConfigurationPlatforms) = preSolution
		Debug|Any CPU = Debug|Any CPU
		Release|Any CPU = Release|Any CPU
	EndGlobalSection
	GlobalSection(ProjectConfigurationPlatforms) = postSolution
		{7CD41107-738D-4F76-B4E1-99200C461012}.Debug|Any CPU.ActiveCfg = Debug|Any CPU
		{7CD41107-738D-4F76-B4E1-99200C461012}.Debug|Any CPU.Build.0 = Debug|Any CPU
		{7CD41107-738D-4F76-B4E1-99200C461012}.Release|Any CPU.ActiveCfg = Release|Any CPU
		{7CD41107-738D-4F76-B4E1-99200C461012}.Release|Any CPU.Build.0 = Release|Any CPU
	EndGlobalSection
EndGlobal
